
Microsoft Visual Studio Solution File, Format Version 11.00
# Visual Studio 2010
Project("{FAE04EC0-301F-11D3-BF4B-00C04F79EFBC}") = "Assembly-CSharp", "Assembly-CSharp.csproj", "{DFEF960E-FB37-631C-9C2A-06DD4F8A94AB}"
EndProject
Global
	GlobalSection(SolutionConfigurationPlatforms) = preSolution
		Debug|Any CPU = Debug|Any CPU
		Release|Any CPU = Release|Any CPU
	EndGlobalSection
	GlobalSection(ProjectConfigurationPlatforms) = postSolution
		{DFEF960E-FB37-631C-9C2A-06DD4F8A94AB}.Debug|Any CPU.ActiveCfg = Debug|Any CPU
		{DFEF960E-FB37-631C-9C2A-06DD4F8A94AB}.Debug|Any CPU.Build.0 = Debug|Any CPU
		{DFEF960E-FB37-631C-9C2A-06DD4F8A94AB}.Release|Any CPU.ActiveCfg = Release|Any CPU
		{DFEF960E-FB37-631C-9C2A-06DD4F8A94AB}.Release|Any CPU.Build.0 = Release|Any CPU
	EndGlobalSection
	GlobalSection(SolutionProperties) = preSolution
		HideSolutionNode = FALSE
	EndGlobalSection
EndGlobal
